
Microsoft Visual Studio Solution File, Format Version 12.00
# Visual Studio 15
VisualStudioVersion = 15.0.27130.2027
MinimumVisualStudioVersion = 10.0.40219.1
Project("{9A19103F-16F7-4668-BE54-9A1E7A4F7556}") = "BOA.WeatherForcast.Web", "BOA.WeatherForcast.Web\BOA.WeatherForcast.Web.csproj", "{C6638048-1493-42D5-8508-EA64AE1C1182}"
EndProject
Project("{2150E333-8FDC-42A3-9474-1A3956D46DE8}") = "Tests", "Tests", "{8D28968C-6840-4E22-B804-3BCCF4CAC7AA}"
EndProject
Project("{9A19103F-16F7-4668-BE54-9A1E7A4F7556}") = "BOA.WeatherForecast.Web.Tests", "BOA.WeatherForecast.Web.Tests\BOA.WeatherForecast.Web.Tests.csproj", "{1624A98B-3D35-4977-BAA0-A0B808D38123}"
EndProject
Project("{9A19103F-16F7-4668-BE54-9A1E7A4F7556}") = "BOA.WeatherForecast.Util", "BOA.WeatherForecast.Util\BOA.WeatherForecast.Util.csproj", "{8ACD0CE7-6D3A-41DA-A359-69A0BC922A29}"
EndProject
Project("{9A19103F-16F7-4668-BE54-9A1E7A4F7556}") = "BOA.Weatherforecast.Data", "BOA.Weatherforecast.Data\BOA.Weatherforecast.Data.csproj", "{EE4B0848-49B0-4F0F-AF25-873EFC1FAB87}"
EndProject
Project("{9A19103F-16F7-4668-BE54-9A1E7A4F7556}") = "BOA.WeatherForecast.Domain", "BOA.WeatherForecast.Domain\BOA.WeatherForecast.Domain.csproj", "{7F22ADA3-0E6B-4A60-A497-8EA81D628F7A}"
EndProject
Project("{FAE04EC0-301F-11D3-BF4B-00C04F79EFBC}") = "BOA.WeatherForecast.Api", "BOA.WeatherForecast.Api\BOA.WeatherForecast.Api.csproj", "{74BE4A1D-20C5-4C70-AD73-C3A8181CD6B6}"
EndProject
Global
	GlobalSection(SolutionConfigurationPlatforms) = preSolution
		Debug|Any CPU = Debug|Any CPU
		Debug|x64 = Debug|x64
		Release|Any CPU = Release|Any CPU
		Release|x64 = Release|x64
	EndGlobalSection
	GlobalSection(ProjectConfigurationPlatforms) = postSolution
		{C6638048-1493-42D5-8508-EA64AE1C1182}.Debug|Any CPU.ActiveCfg = Debug|Any CPU
		{C6638048-1493-42D5-8508-EA64AE1C1182}.Debug|Any CPU.Build.0 = Debug|Any CPU
		{C6638048-1493-42D5-8508-EA64AE1C1182}.Debug|x64.ActiveCfg = Debug|Any CPU
		{C6638048-1493-42D5-8508-EA64AE1C1182}.Debug|x64.Build.0 = Debug|Any CPU
		{C6638048-1493-42D5-8508-EA64AE1C1182}.Release|Any CPU.ActiveCfg = Release|Any CPU
		{C6638048-1493-42D5-8508-EA64AE1C1182}.Release|Any CPU.Build.0 = Release|Any CPU
		{C6638048-1493-42D5-8508-EA64AE1C1182}.Release|x64.ActiveCfg = Release|Any CPU
		{C6638048-1493-42D5-8508-EA64AE1C1182}.Release|x64.Build.0 = Release|Any CPU
		{1624A98B-3D35-4977-BAA0-A0B808D38123}.Debug|Any CPU.ActiveCfg = Debug|Any CPU
		{1624A98B-3D35-4977-BAA0-A0B808D38123}.Debug|Any CPU.Build.0 = Debug|Any CPU
		{1624A98B-3D35-4977-BAA0-A0B808D38123}.Debug|x64.ActiveCfg = Debug|Any CPU
		{1624A98B-3D35-4977-BAA0-A0B808D38123}.Debug|x64.Build.0 = Debug|Any CPU
		{1624A98B-3D35-4977-BAA0-A0B808D38123}.Release|Any CPU.ActiveCfg = Release|Any CPU
		{1624A98B-3D35-4977-BAA0-A0B808D38123}.Release|Any CPU.Build.0 = Release|Any CPU
		{1624A98B-3D35-4977-BAA0-A0B808D38123}.Release|x64.ActiveCfg = Release|Any CPU
		{1624A98B-3D35-4977-BAA0-A0B808D38123}.Release|x64.Build.0 = Release|Any CPU
		{8ACD0CE7-6D3A-41DA-A359-69A0BC922A29}.Debug|Any CPU.ActiveCfg = Debug|Any CPU
		{8ACD0CE7-6D3A-41DA-A359-69A0BC922A29}.Debug|Any CPU.Build.0 = Debug|Any CPU
		{8ACD0CE7-6D3A-41DA-A359-69A0BC922A29}.Debug|x64.ActiveCfg = Debug|Any CPU
		{8ACD0CE7-6D3A-41DA-A359-69A0BC922A29}.Debug|x64.Build.0 = Debug|Any CPU
		{8ACD0CE7-6D3A-41DA-A359-69A0BC922A29}.Release|Any CPU.ActiveCfg = Release|Any CPU
		{8ACD0CE7-6D3A-41DA-A359-69A0BC922A29}.Release|Any CPU.Build.0 = Release|Any CPU
		{8ACD0CE7-6D3A-41DA-A359-69A0BC922A29}.Release|x64.ActiveCfg = Release|Any CPU
		{8ACD0CE7-6D3A-41DA-A359-69A0BC922A29}.Release|x64.Build.0 = Release|Any CPU
		{EE4B0848-49B0-4F0F-AF25-873EFC1FAB87}.Debug|Any CPU.ActiveCfg = Debug|Any CPU
		{EE4B0848-49B0-4F0F-AF25-873EFC1FAB87}.Debug|Any CPU.Build.0 = Debug|Any CPU
		{EE4B0848-49B0-4F0F-AF25-873EFC1FAB87}.Debug|x64.ActiveCfg = Debug|Any CPU
		{EE4B0848-49B0-4F0F-AF25-873EFC1FAB87}.Debug|x64.Build.0 = Debug|Any CPU
		{EE4B0848-49B0-4F0F-AF25-873EFC1FAB87}.Release|Any CPU.ActiveCfg = Release|Any CPU
		{EE4B0848-49B0-4F0F-AF25-873EFC1FAB87}.Release|Any CPU.Build.0 = Release|Any CPU
		{EE4B0848-49B0-4F0F-AF25-873EFC1FAB87}.Release|x64.ActiveCfg = Release|Any CPU
		{EE4B0848-49B0-4F0F-AF25-873EFC1FAB87}.Release|x64.Build.0 = Release|Any CPU
		{7F22ADA3-0E6B-4A60-A497-8EA81D628F7A}.Debug|Any CPU.ActiveCfg = Debug|Any CPU
		{7F22ADA3-0E6B-4A60-A497-8EA81D628F7A}.Debug|Any CPU.Build.0 = Debug|Any CPU
		{7F22ADA3-0E6B-4A60-A497-8EA81D628F7A}.Debug|x64.ActiveCfg = Debug|Any CPU
		{7F22ADA3-0E6B-4A60-A497-8EA81D628F7A}.Debug|x64.Build.0 = Debug|Any CPU
		{7F22ADA3-0E6B-4A60-A497-8EA81D628F7A}.Release|Any CPU.ActiveCfg = Release|Any CPU
		{7F22ADA3-0E6B-4A60-A497-8EA81D628F7A}.Release|Any CPU.Build.0 = Release|Any CPU
		{7F22ADA3-0E6B-4A60-A497-8EA81D628F7A}.Release|x64.ActiveCfg = Release|Any CPU
		{7F22ADA3-0E6B-4A60-A497-8EA81D628F7A}.Release|x64.Build.0 = Release|Any CPU
		{74BE4A1D-20C5-4C70-AD73-C3A8181CD6B6}.Debug|Any CPU.ActiveCfg = Debug|Any CPU
		{74BE4A1D-20C5-4C70-AD73-C3A8181CD6B6}.Debug|Any CPU.Build.0 = Debug|Any CPU
		{74BE4A1D-20C5-4C70-AD73-C3A8181CD6B6}.Debug|x64.ActiveCfg = Debug|Any CPU
		{74BE4A1D-20C5-4C70-AD73-C3A8181CD6B6}.Debug|x64.Build.0 = Debug|Any CPU
		{74BE4A1D-20C5-4C70-AD73-C3A8181CD6B6}.Release|Any CPU.ActiveCfg = Release|Any CPU
		{74BE4A1D-20C5-4C70-AD73-C3A8181CD6B6}.Release|Any CPU.Build.0 = Release|Any CPU
		{74BE4A1D-20C5-4C70-AD73-C3A8181CD6B6}.Release|x64.ActiveCfg = Release|Any CPU
		{74BE4A1D-20C5-4C70-AD73-C3A8181CD6B6}.Release|x64.Build.0 = Release|Any CPU
	EndGlobalSection
	GlobalSection(SolutionProperties) = preSolution
		HideSolutionNode = FALSE
	EndGlobalSection
	GlobalSection(NestedProjects) = preSolution
		{1624A98B-3D35-4977-BAA0-A0B808D38123} = {8D28968C-6840-4E22-B804-3BCCF4CAC7AA}
	EndGlobalSection
	GlobalSection(ExtensibilityGlobals) = postSolution
		SolutionGuid = {D8CCCAF3-5624-433F-AC4A-FFF871787E5E}
	EndGlobalSection
EndGlobal
